
Microsoft Visual Studio Solution File, Format Version 12.00
# Visual Studio Version 16
VisualStudioVersion = 16.0.31205.134
MinimumVisualStudioVersion = 10.0.40219.1
Project("{FAE04EC0-301F-11D3-BF4B-00C04F79EFBC}") = "pp04", "pp04\pp04.csproj", "{ED791C47-84DC-41B3-A23D-5151661EEF99}"
EndProject
Global
	GlobalSection(SolutionConfigurationPlatforms) = preSolution
		Debug|Any CPU = Debug|Any CPU
		Release|Any CPU = Release|Any CPU
	EndGlobalSection
	GlobalSection(ProjectConfigurationPlatforms) = postSolution
		{ED791C47-84DC-41B3-A23D-5151661EEF99}.Debug|Any CPU.ActiveCfg = Debug|Any CPU
		{ED791C47-84DC-41B3-A23D-5151661EEF99}.Debug|Any CPU.Build.0 = Debug|Any CPU
		{ED791C47-84DC-41B3-A23D-5151661EEF99}.Release|Any CPU.ActiveCfg = Release|Any CPU
		{ED791C47-84DC-41B3-A23D-5151661EEF99}.Release|Any CPU.Build.0 = Release|Any CPU
	EndGlobalSection
	GlobalSection(SolutionProperties) = preSolution
		HideSolutionNode = FALSE
	EndGlobalSection
	GlobalSection(ExtensibilityGlobals) = postSolution
		SolutionGuid = {2C13FBC5-B7E2-4229-9992-A627EFF2A455}
	EndGlobalSection
EndGlobal
